
Microsoft Visual Studio Solution File, Format Version 12.00
# Visual Studio Version 17
VisualStudioVersion = 17.13.35931.197
MinimumVisualStudioVersion = 10.0.40219.1
Project("{FAE04EC0-301F-11D3-BF4B-00C04F79EFBC}") = "ScreenSoundAPI", "ScreenSoundAPI\ScreenSoundAPI.csproj", "{17F49AFE-F9CC-41CB-A043-7BAAB675B55B}"
EndProject
Global
	GlobalSection(SolutionConfigurationPlatforms) = preSolution
		Debug|Any CPU = Debug|Any CPU
		Release|Any CPU = Release|Any CPU
	EndGlobalSection
	GlobalSection(ProjectConfigurationPlatforms) = postSolution
		{17F49AFE-F9CC-41CB-A043-7BAAB675B55B}.Debug|Any CPU.ActiveCfg = Debug|Any CPU
		{17F49AFE-F9CC-41CB-A043-7BAAB675B55B}.Debug|Any CPU.Build.0 = Debug|Any CPU
		{17F49AFE-F9CC-41CB-A043-7BAAB675B55B}.Release|Any CPU.ActiveCfg = Release|Any CPU
		{17F49AFE-F9CC-41CB-A043-7BAAB675B55B}.Release|Any CPU.Build.0 = Release|Any CPU
	EndGlobalSection
	GlobalSection(SolutionProperties) = preSolution
		HideSolutionNode = FALSE
	EndGlobalSection
	GlobalSection(ExtensibilityGlobals) = postSolution
		SolutionGuid = {DA0DD7F3-AC95-4012-94A3-663D943E3EC3}
	EndGlobalSection
EndGlobal
